Microsoft Visual Studio Solution File, Format Version 12.00
# Visual Studio 15
VisualStudioVersion = 15.0.28307.489
MinimumVisualStudioVersion = 10.0.40219.1
Project("{2150E333-8FDC-42A3-9474-1A3956D46DE8}") = "Microservices", "Microservices", "{26EC9962-A118-4360-B001-8C2D9308F23D}"
EndProject
Project("{2150E333-8FDC-42A3-9474-1A3956D46DE8}") = "Infra.IoC", "Infra.IoC", "{EBA140CF-8C91-4E0A-A798-D93574F4B954}"
EndProject
Project("{9A19103F-16F7-4668-BE54-9A1E7A4F7556}") = "SuiviCompresseur.Infra.IoC", "SuiviCompresseur.Infra.IoC\SuiviCompresseur.Infra.IoC.csproj", "{95106A8D-6A56-40CF-A7AB-8689E40FD961}"
EndProject
Project("{2150E333-8FDC-42A3-9474-1A3956D46DE8}") = "GestionFournisseur", "GestionFournisseur", "{0B68840C-1543-4C43-978E-BF5967B6CC84}"
EndProject
Project("{2150E333-8FDC-42A3-9474-1A3956D46DE8}") = "Api", "Api", "{5869EAE5-D3C8-443C-B684-C52C3E10B401}"
EndProject
Project("{2150E333-8FDC-42A3-9474-1A3956D46DE8}") = "Domain", "Domain", "{3F3D6901-DAB8-4139-87F9-2821E8DBAC74}"
EndProject
Project("{2150E333-8FDC-42A3-9474-1A3956D46DE8}") = "Application", "Application", "{1A5DB312-2573-4B9B-85B4-C89433E2DCD3}"
EndProject
Project("{2150E333-8FDC-42A3-9474-1A3956D46DE8}") = "Data", "Data", "{E3BE9F85-8FF6-4D13-85F1-1F52E952F2A5}"
EndProject
Project("{9A19103F-16F7-4668-BE54-9A1E7A4F7556}") = "SuiviCompresseur.GestionFournisseur.Api", "SuiviCompresseur.GestionFournisseur.Api\SuiviCompresseur.GestionFournisseur.Api.csproj", "{05ED6A8B-3E0D-4E0F-8518-9AD09BABF6E3}"
EndProject
Project("{9A19103F-16F7-4668-BE54-9A1E7A4F7556}") = "SuiviCompresseur.GestionFournisseur.Application", "SuiviCompresseur.GestionFournisseur.Application\SuiviCompresseur.GestionFournisseur.Application.csproj", "{E5709F76-7077-476C-B56E-A5BB7B03FBC6}"
EndProject
Project("{9A19103F-16F7-4668-BE54-9A1E7A4F7556}") = "SuiviCompresseur.GestionFournisseur.Data", "SuiviCompresseur.GestionFournisseur.Data\SuiviCompresseur.GestionFournisseur.Data.csproj", "{AA939A74-713F-4757-B4EF-99F66E284096}"
EndProject
Project("{9A19103F-16F7-4668-BE54-9A1E7A4F7556}") = "SuiviCompresseur.GestionFournisseur.Domain", "SuiviCompresseur.GestionFournisseur.Domain\SuiviCompresseur.GestionFournisseur.Domain.csproj", "{89407F5C-B62C-4C7F-ACBE-A57ECCB49FC4}"
EndProject
Project("{2150E333-8FDC-42A3-9474-1A3956D46DE8}") = "GestionCompresseur", "GestionCompresseur", "{1E94D369-F637-4E35-BB69-D648863FB5BE}"
EndProject
Project("{2150E333-8FDC-42A3-9474-1A3956D46DE8}") = "Api", "Api", "{3672018E-6B0A-4740-987B-700C996B93BF}"
EndProject
Project("{2150E333-8FDC-42A3-9474-1A3956D46DE8}") = "Application", "Application", "{A9896241-2506-491F-885F-4C211DC9C395}"
EndProject
Project("{2150E333-8FDC-42A3-9474-1A3956D46DE8}") = "Data", "Data", "{202D105C-00E2-492D-A495-911E982CA090}"
EndProject
Project("{2150E333-8FDC-42A3-9474-1A3956D46DE8}") = "Domain", "Domain", "{6CB8F95D-5324-46F7-8A51-FF6EF35AFFEF}"
EndProject
Project("{9A19103F-16F7-4668-BE54-9A1E7A4F7556}") = "SuiviCompresseur.GestionCompresseur.Api", "SuiviCompresseur.GestionCompresseur.Api\SuiviCompresseur.GestionCompresseur.Api.csproj", "{E099402D-8C70-4429-9CC9-26016160826E}"
EndProject
Project("{9A19103F-16F7-4668-BE54-9A1E7A4F7556}") = "SuiviCompresseur.GestionCompresseur.Application", "SuiviCompresseur.GestionCompresseur.Application\SuiviCompresseur.GestionCompresseur.Application.csproj", "{88420CE0-C7BF-43C1-9A1F-B273C7BA1468}"
EndProject
Project("{9A19103F-16F7-4668-BE54-9A1E7A4F7556}") = "SuiviCompresseur.GestionCompresseur.Domain", "SuiviCompresseur.GestionCompresseur.Domain\SuiviCompresseur.GestionCompresseur.Domain.csproj", "{2F5B9B5C-364E-4F45-B3BE-057419F7A320}"
EndProject
Project("{9A19103F-16F7-4668-BE54-9A1E7A4F7556}") = "SuiviCompresseur.GestionCompresseur.Data", "SuiviCompresseur.GestionCompresseur.Data\SuiviCompresseur.GestionCompresseur.Data.csproj", "{86771560-49BF-41B2-9651-CC91F5A12168}"
EndProject
Project("{2150E333-8FDC-42A3-9474-1A3956D46DE8}") = "GestionResponsable", "GestionResponsable", "{E5B581FC-E7F2-4CA8-816D-12F3BD136897}"
EndProject
Project("{2150E333-8FDC-42A3-9474-1A3956D46DE8}") = "Application", "Application", "{7A89B7F8-4AFA-43CC-9492-089E42489B87}"
EndProject
Project("{2150E333-8FDC-42A3-9474-1A3956D46DE8}") = "Api", "Api", "{96D3294F-7EC2-4999-B6A2-1F6F06CBE76A}"
EndProject
Project("{2150E333-8FDC-42A3-9474-1A3956D46DE8}") = "Data", "Data", "{2862E069-67F7-4C0A-B183-86414384B327}"
EndProject
Project("{2150E333-8FDC-42A3-9474-1A3956D46DE8}") = "Domain", "Domain", "{37701727-7C65-4FD4-96BD-769D18305A8C}"
EndProject
Project("{9A19103F-16F7-4668-BE54-9A1E7A4F7556}") = "SuiviCompresseur.GestionResponsable.Api", "SuiviCompresseur.GestionResponsable.Api\SuiviCompresseur.GestionResponsable.Api.csproj", "{CC18CB0E-A605-4C51-9024-EF7E250FED1B}"
EndProject
Project("{9A19103F-16F7-4668-BE54-9A1E7A4F7556}") = "SuiviCompresseur.Gestion.Responsable.Aplication", "SuiviCompresseur.Gestion.Responsable.Aplication\SuiviCompresseur.Gestion.Responsable.Aplication.csproj", "{ACA7728B-D8DF-4556-947F-229B75F69664}"
EndProject
Project("{9A19103F-16F7-4668-BE54-9A1E7A4F7556}") = "SuiviCompresseur.Gestion.Responsable.Domain", "SuiviCompresseur.Gestion.Responsable.Domain\SuiviCompresseur.Gestion.Responsable.Domain.csproj", "{888574F7-0C28-4072-81EC-2A6A4DCDBE4F}"
EndProject
Project("{9A19103F-16F7-4668-BE54-9A1E7A4F7556}") = "SuiviCompresseur.Gestion.Responsable.Data", "SuiviCompresseur.Gestion.Responsable.Data\SuiviCompresseur.Gestion.Responsable.Data.csproj", "{8094C8FB-1BA3-4698-98E6-39E6F8224AA9}"
EndProject
Project("{2150E333-8FDC-42A3-9474-1A3956D46DE8}") = "Notification", "Notification", "{B905EFA0-3B06-4577-A005-B5071BEBFA25}"
EndProject
Project("{2150E333-8FDC-42A3-9474-1A3956D46DE8}") = "Api", "Api", "{D7EC4B0E-B160-4CDE-A6D0-074CFD203596}"
EndProject
Project("{2150E333-8FDC-42A3-9474-1A3956D46DE8}") = "Application", "Application", "{738720B1-ACD8-494E-990D-A8A0A39E2F43}"
EndProject
Project("{2150E333-8FDC-42A3-9474-1A3956D46DE8}") = "Data", "Data", "{D25AE277-3E92-4F22-B756-D166B556DB3C}"
EndProject
Project("{2150E333-8FDC-42A3-9474-1A3956D46DE8}") = "Domain", "Domain", "{7AB343E9-F96F-4B14-A315-3D1690A26763}"
EndProject
Project("{9A19103F-16F7-4668-BE54-9A1E7A4F7556}") = "SuiviCompresseur.Notification.Api", "SuiviCompresseur.Notification.Api\SuiviCompresseur.Notification.Api.csproj", "{65E199C6-8005-4813-84D2-336ADCABDFF0}"
EndProject
Project("{9A19103F-16F7-4668-BE54-9A1E7A4F7556}") = "SuiviCompresseur.Notification.Application", "SuiviCompresseur.Notification.Application\SuiviCompresseur.Notification.Application.csproj", "{08CC4BC4-82B2-4B39-82B6-D9982475CED7}"
EndProject
Project("{9A19103F-16F7-4668-BE54-9A1E7A4F7556}") = "SuiviCompresseur.Notification.Data", "SuiviCompresseur.Notification.Data\SuiviCompresseur.Notification.Data.csproj", "{CAB0910A-8A01-4042-86CF-1E3B57A44AFD}"
EndProject
Project("{9A19103F-16F7-4668-BE54-9A1E7A4F7556}") = "SuiviCompresseur.Notification.Domain", "SuiviCompresseur.Notification.Domain\SuiviCompresseur.Notification.Domain.csproj", "{A5C0C017-9AF1-4FCF-9B53-8696233CC3E9}"
EndProject
Project("{2150E333-8FDC-42A3-9474-1A3956D46DE8}") = "ApiGateways", "ApiGateways", "{6E0BC60E-0EEE-4466-BA64-D530415941E6}"
EndProject
Project("{9A19103F-16F7-4668-BE54-9A1E7A4F7556}") = "SuiviCompresseur.ApiGateways", "SuiviCompresseur.ApiGateways\SuiviCompresseur.ApiGateways.csproj", "{3C1CCE8D-7C1D-42B9-821B-C8F169567908}"
EndProject
Project("{2150E333-8FDC-42A3-9474-1A3956D46DE8}") = "Authentification", "Authentification", "{D29C1AF5-E754-46EA-9022-1D80D09025F0}"
EndProject
Project("{2150E333-8FDC-42A3-9474-1A3956D46DE8}") = "Common", "Common", "{97A637A2-1F5F-43EB-A40B-1513AAC08C53}"
EndProject
Project("{2150E333-8FDC-42A3-9474-1A3956D46DE8}") = "Services", "Services", "{2E4C3F37-63E9-439E-91DA-9A132251675A}"
EndProject
Project("{2150E333-8FDC-42A3-9474-1A3956D46DE8}") = "AuthServices", "AuthServices", "{26DCF984-F114-4E5A-993D-1566947AEF29}"
EndProject
Project("{9A19103F-16F7-4668-BE54-9A1E7A4F7556}") = "Pgh.Common", "Pgh.Common\Pgh.Common.csproj", "{43FB7130-9C68-4D3E-BD4A-266D80B01B01}"
EndProject
Project("{9A19103F-16F7-4668-BE54-9A1E7A4F7556}") = "Pgh.Auth.Dal", "Pgh.Auth.Dal\Pgh.Auth.Dal.csproj", "{00D19A03-8460-4761-B456-F4C3C33D6593}"
EndProject
Project("{9A19103F-16F7-4668-BE54-9A1E7A4F7556}") = "Pgh.Auth.Model", "Pgh.Auth.Model\Pgh.Auth.Model.csproj", "{910C28EC-43CA-442D-A59A-E40D3DD5F705}"
EndProject
Project("{9A19103F-16F7-4668-BE54-9A1E7A4F7556}") = "Pgh.Services.Authentification", "Pgh.Services.Authentification\Pgh.Services.Authentification.csproj", "{AA44A31F-0782-417E-B46A-0E384A61CD60}"
EndProject
Global
	GlobalSection(SolutionConfigurationPlatforms) = preSolution
		Debug|Any CPU = Debug|Any CPU
		Release|Any CPU = Release|Any CPU
	EndGlobalSection
	GlobalSection(ProjectConfigurationPlatforms) = postSolution
		{95106A8D-6A56-40CF-A7AB-8689E40FD961}.Debug|Any CPU.ActiveCfg = Debug|Any CPU
		{95106A8D-6A56-40CF-A7AB-8689E40FD961}.Debug|Any CPU.Build.0 = Debug|Any CPU
		{95106A8D-6A56-40CF-A7AB-8689E40FD961}.Release|Any CPU.ActiveCfg = Release|Any CPU
		{95106A8D-6A56-40CF-A7AB-8689E40FD961}.Release|Any CPU.Build.0 = Release|Any CPU
		{05ED6A8B-3E0D-4E0F-8518-9AD09BABF6E3}.Debug|Any CPU.ActiveCfg = Debug|Any CPU
		{05ED6A8B-3E0D-4E0F-8518-9AD09BABF6E3}.Debug|Any CPU.Build.0 = Debug|Any CPU
		{05ED6A8B-3E0D-4E0F-8518-9AD09BABF6E3}.Release|Any CPU.ActiveCfg = Release|Any CPU
		{05ED6A8B-3E0D-4E0F-8518-9AD09BABF6E3}.Release|Any CPU.Build.0 = Release|Any CPU
		{E5709F76-7077-476C-B56E-A5BB7B03FBC6}.Debug|Any CPU.ActiveCfg = Debug|Any CPU
		{E5709F76-7077-476C-B56E-A5BB7B03FBC6}.Debug|Any CPU.Build.0 = Debug|Any CPU
		{E5709F76-7077-476C-B56E-A5BB7B03FBC6}.Release|Any CPU.ActiveCfg = Release|Any CPU
		{E5709F76-7077-476C-B56E-A5BB7B03FBC6}.Release|Any CPU.Build.0 = Release|Any CPU
		{AA939A74-713F-4757-B4EF-99F66E284096}.Debug|Any CPU.ActiveCfg = Debug|Any CPU
		{AA939A74-713F-4757-B4EF-99F66E284096}.Debug|Any CPU.Build.0 = Debug|Any CPU
		{AA939A74-713F-4757-B4EF-99F66E284096}.Release|Any CPU.ActiveCfg = Release|Any CPU
		{AA939A74-713F-4757-B4EF-99F66E284096}.Release|Any CPU.Build.0 = Release|Any CPU
		{89407F5C-B62C-4C7F-ACBE-A57ECCB49FC4}.Debug|Any CPU.ActiveCfg = Debug|Any CPU
		{89407F5C-B62C-4C7F-ACBE-A57ECCB49FC4}.Debug|Any CPU.Build.0 = Debug|Any CPU
		{89407F5C-B62C-4C7F-ACBE-A57ECCB49FC4}.Release|Any CPU.ActiveCfg = Release|Any CPU
		{89407F5C-B62C-4C7F-ACBE-A57ECCB49FC4}.Release|Any CPU.Build.0 = Release|Any CPU
		{E099402D-8C70-4429-9CC9-26016160826E}.Debug|Any CPU.ActiveCfg = Debug|Any CPU
		{E099402D-8C70-4429-9CC9-26016160826E}.Debug|Any CPU.Build.0 = Debug|Any CPU
		{E099402D-8C70-4429-9CC9-26016160826E}.Release|Any CPU.ActiveCfg = Release|Any CPU
		{E099402D-8C70-4429-9CC9-26016160826E}.Release|Any CPU.Build.0 = Release|Any CPU
		{88420CE0-C7BF-43C1-9A1F-B273C7BA1468}.Debug|Any CPU.ActiveCfg = Debug|Any CPU
		{88420CE0-C7BF-43C1-9A1F-B273C7BA1468}.Debug|Any CPU.Build.0 = Debug|Any CPU
		{88420CE0-C7BF-43C1-9A1F-B273C7BA1468}.Release|Any CPU.ActiveCfg = Release|Any CPU
		{88420CE0-C7BF-43C1-9A1F-B273C7BA1468}.Release|Any CPU.Build.0 = Release|Any CPU
		{2F5B9B5C-364E-4F45-B3BE-057419F7A320}.Debug|Any CPU.ActiveCfg = Debug|Any CPU
		{2F5B9B5C-364E-4F45-B3BE-057419F7A320}.Debug|Any CPU.Build.0 = Debug|Any CPU
		{2F5B9B5C-364E-4F45-B3BE-057419F7A320}.Release|Any CPU.ActiveCfg = Release|Any CPU
		{2F5B9B5C-364E-4F45-B3BE-057419F7A320}.Release|Any CPU.Build.0 = Release|Any CPU
		{86771560-49BF-41B2-9651-CC91F5A12168}.Debug|Any CPU.ActiveCfg = Debug|Any CPU
		{86771560-49BF-41B2-9651-CC91F5A12168}.Debug|Any CPU.Build.0 = Debug|Any CPU
		{86771560-49BF-41B2-9651-CC91F5A12168}.Release|Any CPU.ActiveCfg = Release|Any CPU
		{86771560-49BF-41B2-9651-CC91F5A12168}.Release|Any CPU.Build.0 = Release|Any CPU
		{CC18CB0E-A605-4C51-9024-EF7E250FED1B}.Debug|Any CPU.ActiveCfg = Debug|Any CPU
		{CC18CB0E-A605-4C51-9024-EF7E250FED1B}.Debug|Any CPU.Build.0 = Debug|Any CPU
		{CC18CB0E-A605-4C51-9024-EF7E250FED1B}.Release|Any CPU.ActiveCfg = Release|Any CPU
		{CC18CB0E-A605-4C51-9024-EF7E250FED1B}.Release|Any CPU.Build.0 = Release|Any CPU
		{ACA7728B-D8DF-4556-947F-229B75F69664}.Debug|Any CPU.ActiveCfg = Debug|Any CPU
		{ACA7728B-D8DF-4556-947F-229B75F69664}.Debug|Any CPU.Build.0 = Debug|Any CPU
		{ACA7728B-D8DF-4556-947F-229B75F69664}.Release|Any CPU.ActiveCfg = Release|Any CPU
		{ACA7728B-D8DF-4556-947F-229B75F69664}.Release|Any CPU.Build.0 = Release|Any CPU
		{888574F7-0C28-4072-81EC-2A6A4DCDBE4F}.Debug|Any CPU.ActiveCfg = Debug|Any CPU
		{888574F7-0C28-4072-81EC-2A6A4DCDBE4F}.Debug|Any CPU.Build.0 = Debug|Any CPU
		{888574F7-0C28-4072-81EC-2A6A4DCDBE4F}.Release|Any CPU.ActiveCfg = Release|Any CPU
		{888574F7-0C28-4072-81EC-2A6A4DCDBE4F}.Release|Any CPU.Build.0 = Release|Any CPU
		{8094C8FB-1BA3-4698-98E6-39E6F8224AA9}.Debug|Any CPU.ActiveCfg = Debug|Any CPU
		{8094C8FB-1BA3-4698-98E6-39E6F8224AA9}.Debug|Any CPU.Build.0 = Debug|Any CPU
		{8094C8FB-1BA3-4698-98E6-39E6F8224AA9}.Release|Any CPU.ActiveCfg = Release|Any CPU
		{8094C8FB-1BA3-4698-98E6-39E6F8224AA9}.Release|Any CPU.Build.0 = Release|Any CPU
		{65E199C6-8005-4813-84D2-336ADCABDFF0}.Debug|Any CPU.ActiveCfg = Debug|Any CPU
		{65E199C6-8005-4813-84D2-336ADCABDFF0}.Debug|Any CPU.Build.0 = Debug|Any CPU
		{65E199C6-8005-4813-84D2-336ADCABDFF0}.Release|Any CPU.ActiveCfg = Release|Any CPU
		{65E199C6-8005-4813-84D2-336ADCABDFF0}.Release|Any CPU.Build.0 = Release|Any CPU
		{08CC4BC4-82B2-4B39-82B6-D9982475CED7}.Debug|Any CPU.ActiveCfg = Debug|Any CPU
		{08CC4BC4-82B2-4B39-82B6-D9982475CED7}.Debug|Any CPU.Build.0 = Debug|Any CPU
		{08CC4BC4-82B2-4B39-82B6-D9982475CED7}.Release|Any CPU.ActiveCfg = Release|Any CPU
		{08CC4BC4-82B2-4B39-82B6-D9982475CED7}.Release|Any CPU.Build.0 = Release|Any CPU
		{CAB0910A-8A01-4042-86CF-1E3B57A44AFD}.Debug|Any CPU.ActiveCfg = Debug|Any CPU
		{CAB0910A-8A01-4042-86CF-1E3B57A44AFD}.Debug|Any CPU.Build.0 = Debug|Any CPU
		{CAB0910A-8A01-4042-86CF-1E3B57A44AFD}.Release|Any CPU.ActiveCfg = Release|Any CPU
		{CAB0910A-8A01-4042-86CF-1E3B57A44AFD}.Release|Any CPU.Build.0 = Release|Any CPU
		{A5C0C017-9AF1-4FCF-9B53-8696233CC3E9}.Debug|Any CPU.ActiveCfg = Debug|Any CPU
		{A5C0C017-9AF1-4FCF-9B53-8696233CC3E9}.Debug|Any CPU.Build.0 = Debug|Any CPU
		{A5C0C017-9AF1-4FCF-9B53-8696233CC3E9}.Release|Any CPU.ActiveCfg = Release|Any CPU
		{A5C0C017-9AF1-4FCF-9B53-8696233CC3E9}.Release|Any CPU.Build.0 = Release|Any CPU
		{3C1CCE8D-7C1D-42B9-821B-C8F169567908}.Debug|Any CPU.ActiveCfg = Debug|Any CPU
		{3C1CCE8D-7C1D-42B9-821B-C8F169567908}.Debug|Any CPU.Build.0 = Debug|Any CPU
		{3C1CCE8D-7C1D-42B9-821B-C8F169567908}.Release|Any CPU.ActiveCfg = Release|Any CPU
		{3C1CCE8D-7C1D-42B9-821B-C8F169567908}.Release|Any CPU.Build.0 = Release|Any CPU
		{43FB7130-9C68-4D3E-BD4A-266D80B01B01}.Debug|Any CPU.ActiveCfg = Debug|Any CPU
		{43FB7130-9C68-4D3E-BD4A-266D80B01B01}.Debug|Any CPU.Build.0 = Debug|Any CPU
		{43FB7130-9C68-4D3E-BD4A-266D80B01B01}.Release|Any CPU.ActiveCfg = Release|Any CPU
		{43FB7130-9C68-4D3E-BD4A-266D80B01B01}.Release|Any CPU.Build.0 = Release|Any CPU
		{00D19A03-8460-4761-B456-F4C3C33D6593}.Debug|Any CPU.ActiveCfg = Debug|Any CPU
		{00D19A03-8460-4761-B456-F4C3C33D6593}.Debug|Any CPU.Build.0 = Debug|Any CPU
		{00D19A03-8460-4761-B456-F4C3C33D6593}.Release|Any CPU.ActiveCfg = Release|Any CPU
		{00D19A03-8460-4761-B456-F4C3C33D6593}.Release|Any CPU.Build.0 = Release|Any CPU
		{910C28EC-43CA-442D-A59A-E40D3DD5F705}.Debug|Any CPU.ActiveCfg = Debug|Any CPU
		{910C28EC-43CA-442D-A59A-E40D3DD5F705}.Debug|Any CPU.Build.0 = Debug|Any CPU
		{910C28EC-43CA-442D-A59A-E40D3DD5F705}.Release|Any CPU.ActiveCfg = Release|Any CPU
		{910C28EC-43CA-442D-A59A-E40D3DD5F705}.Release|Any CPU.Build.0 = Release|Any CPU
		{AA44A31F-0782-417E-B46A-0E384A61CD60}.Debug|Any CPU.ActiveCfg = Debug|Any CPU
		{AA44A31F-0782-417E-B46A-0E384A61CD60}.Debug|Any CPU.Build.0 = Debug|Any CPU
		{AA44A31F-0782-417E-B46A-0E384A61CD60}.Release|Any CPU.ActiveCfg = Release|Any CPU
		{AA44A31F-0782-417E-B46A-0E384A61CD60}.Release|Any CPU.Build.0 = Release|Any CPU
	EndGlobalSection
	GlobalSection(SolutionProperties) = preSolution
		HideSolutionNode = FALSE
	EndGlobalSection
	GlobalSection(NestedProjects) = preSolution
		{95106A8D-6A56-40CF-A7AB-8689E40FD961} = {EBA140CF-8C91-4E0A-A798-D93574F4B954}
		{0B68840C-1543-4C43-978E-BF5967B6CC84} = {26EC9962-A118-4360-B001-8C2D9308F23D}
		{5869EAE5-D3C8-443C-B684-C52C3E10B401} = {0B68840C-1543-4C43-978E-BF5967B6CC84}
		{3F3D6901-DAB8-4139-87F9-2821E8DBAC74} = {0B68840C-1543-4C43-978E-BF5967B6CC84}
		{1A5DB312-2573-4B9B-85B4-C89433E2DCD3} = {0B68840C-1543-4C43-978E-BF5967B6CC84}
		{E3BE9F85-8FF6-4D13-85F1-1F52E952F2A5} = {0B68840C-1543-4C43-978E-BF5967B6CC84}
		{05ED6A8B-3E0D-4E0F-8518-9AD09BABF6E3} = {5869EAE5-D3C8-443C-B684-C52C3E10B401}
		{E5709F76-7077-476C-B56E-A5BB7B03FBC6} = {1A5DB312-2573-4B9B-85B4-C89433E2DCD3}
		{AA939A74-713F-4757-B4EF-99F66E284096} = {E3BE9F85-8FF6-4D13-85F1-1F52E952F2A5}
		{89407F5C-B62C-4C7F-ACBE-A57ECCB49FC4} = {3F3D6901-DAB8-4139-87F9-2821E8DBAC74}
		{1E94D369-F637-4E35-BB69-D648863FB5BE} = {26EC9962-A118-4360-B001-8C2D9308F23D}
		{3672018E-6B0A-4740-987B-700C996B93BF} = {1E94D369-F637-4E35-BB69-D648863FB5BE}
		{A9896241-2506-491F-885F-4C211DC9C395} = {1E94D369-F637-4E35-BB69-D648863FB5BE}
		{202D105C-00E2-492D-A495-911E982CA090} = {1E94D369-F637-4E35-BB69-D648863FB5BE}
		{6CB8F95D-5324-46F7-8A51-FF6EF35AFFEF} = {1E94D369-F637-4E35-BB69-D648863FB5BE}
		{E099402D-8C70-4429-9CC9-26016160826E} = {3672018E-6B0A-4740-987B-700C996B93BF}
		{88420CE0-C7BF-43C1-9A1F-B273C7BA1468} = {A9896241-2506-491F-885F-4C211DC9C395}
		{2F5B9B5C-364E-4F45-B3BE-057419F7A320} = {6CB8F95D-5324-46F7-8A51-FF6EF35AFFEF}
		{86771560-49BF-41B2-9651-CC91F5A12168} = {202D105C-00E2-492D-A495-911E982CA090}
		{E5B581FC-E7F2-4CA8-816D-12F3BD136897} = {26EC9962-A118-4360-B001-8C2D9308F23D}
		{7A89B7F8-4AFA-43CC-9492-089E42489B87} = {E5B581FC-E7F2-4CA8-816D-12F3BD136897}
		{96D3294F-7EC2-4999-B6A2-1F6F06CBE76A} = {E5B581FC-E7F2-4CA8-816D-12F3BD136897}
		{2862E069-67F7-4C0A-B183-86414384B327} = {E5B581FC-E7F2-4CA8-816D-12F3BD136897}
		{37701727-7C65-4FD4-96BD-769D18305A8C} = {E5B581FC-E7F2-4CA8-816D-12F3BD136897}
		{CC18CB0E-A605-4C51-9024-EF7E250FED1B} = {96D3294F-7EC2-4999-B6A2-1F6F06CBE76A}
		{ACA7728B-D8DF-4556-947F-229B75F69664} = {7A89B7F8-4AFA-43CC-9492-089E42489B87}
		{888574F7-0C28-4072-81EC-2A6A4DCDBE4F} = {37701727-7C65-4FD4-96BD-769D18305A8C}
		{8094C8FB-1BA3-4698-98E6-39E6F8224AA9} = {2862E069-67F7-4C0A-B183-86414384B327}
		{B905EFA0-3B06-4577-A005-B5071BEBFA25} = {26EC9962-A118-4360-B001-8C2D9308F23D}
		{D7EC4B0E-B160-4CDE-A6D0-074CFD203596} = {B905EFA0-3B06-4577-A005-B5071BEBFA25}
		{738720B1-ACD8-494E-990D-A8A0A39E2F43} = {B905EFA0-3B06-4577-A005-B5071BEBFA25}
		{D25AE277-3E92-4F22-B756-D166B556DB3C} = {B905EFA0-3B06-4577-A005-B5071BEBFA25}
		{7AB343E9-F96F-4B14-A315-3D1690A26763} = {B905EFA0-3B06-4577-A005-B5071BEBFA25}
		{65E199C6-8005-4813-84D2-336ADCABDFF0} = {D7EC4B0E-B160-4CDE-A6D0-074CFD203596}
		{08CC4BC4-82B2-4B39-82B6-D9982475CED7} = {738720B1-ACD8-494E-990D-A8A0A39E2F43}
		{CAB0910A-8A01-4042-86CF-1E3B57A44AFD} = {D25AE277-3E92-4F22-B756-D166B556DB3C}
		{A5C0C017-9AF1-4FCF-9B53-8696233CC3E9} = {7AB343E9-F96F-4B14-A315-3D1690A26763}
		{3C1CCE8D-7C1D-42B9-821B-C8F169567908} = {6E0BC60E-0EEE-4466-BA64-D530415941E6}
		{D29C1AF5-E754-46EA-9022-1D80D09025F0} = {26EC9962-A118-4360-B001-8C2D9308F23D}
		{97A637A2-1F5F-43EB-A40B-1513AAC08C53} = {D29C1AF5-E754-46EA-9022-1D80D09025F0}
		{2E4C3F37-63E9-439E-91DA-9A132251675A} = {D29C1AF5-E754-46EA-9022-1D80D09025F0}
		{26DCF984-F114-4E5A-993D-1566947AEF29} = {2E4C3F37-63E9-439E-91DA-9A132251675A}
		{43FB7130-9C68-4D3E-BD4A-266D80B01B01} = {97A637A2-1F5F-43EB-A40B-1513AAC08C53}
		{00D19A03-8460-4761-B456-F4C3C33D6593} = {26DCF984-F114-4E5A-993D-1566947AEF29}
		{910C28EC-43CA-442D-A59A-E40D3DD5F705} = {26DCF984-F114-4E5A-993D-1566947AEF29}
		{AA44A31F-0782-417E-B46A-0E384A61CD60} = {26DCF984-F114-4E5A-993D-1566947AEF29}
	EndGlobalSection
	GlobalSection(ExtensibilityGlobals) = postSolution
		SolutionGuid = {B0C075DF-8E95-40C4-BC17-7D9D0B92166D}
	EndGlobalSection
EndGlobal
